
Microsoft Visual Studio Solution File, Format Version 12.00
# Visual Studio Version 16
VisualStudioVersion = 16.0.30011.22
MinimumVisualStudioVersion = 10.0.40219.1
Project("{FAE04EC0-301F-11D3-BF4B-00C04F79EFBC}") = "TextEncoder", "TextEncoder.csproj", "{ACD368E7-F26F-41F1-9D31-45A34E837C14}"
EndProject
Project("{FAE04EC0-301F-11D3-BF4B-00C04F79EFBC}") = "TextEncoder.Test", "..\Test\TextEncoder.Test\TextEncoder.Test.csproj", "{70BC1554-91C0-4428-BF78-98669AD7DE0A}"
EndProject
Project("{2150E333-8FDC-42A3-9474-1A3956D46DE8}") = "Test", "Test", "{492B85D9-6031-41DB-95B6-B0C78089DAA1}"
EndProject
Project("{2150E333-8FDC-42A3-9474-1A3956D46DE8}") = "Application", "Application", "{05C3D224-1663-417B-A708-1537D7E410F9}"
EndProject
Global
	GlobalSection(SolutionConfigurationPlatforms) = preSolution
		Debug|Any CPU = Debug|Any CPU
		Release|Any CPU = Release|Any CPU
	EndGlobalSection
	GlobalSection(ProjectConfigurationPlatforms) = postSolution
		{ACD368E7-F26F-41F1-9D31-45A34E837C14}.Debug|Any CPU.ActiveCfg = Debug|Any CPU
		{ACD368E7-F26F-41F1-9D31-45A34E837C14}.Debug|Any CPU.Build.0 = Debug|Any CPU
		{ACD368E7-F26F-41F1-9D31-45A34E837C14}.Release|Any CPU.ActiveCfg = Release|Any CPU
		{ACD368E7-F26F-41F1-9D31-45A34E837C14}.Release|Any CPU.Build.0 = Release|Any CPU
		{70BC1554-91C0-4428-BF78-98669AD7DE0A}.Debug|Any CPU.ActiveCfg = Debug|Any CPU
		{70BC1554-91C0-4428-BF78-98669AD7DE0A}.Debug|Any CPU.Build.0 = Debug|Any CPU
		{70BC1554-91C0-4428-BF78-98669AD7DE0A}.Release|Any CPU.ActiveCfg = Release|Any CPU
		{70BC1554-91C0-4428-BF78-98669AD7DE0A}.Release|Any CPU.Build.0 = Release|Any CPU
	EndGlobalSection
	GlobalSection(SolutionProperties) = preSolution
		HideSolutionNode = FALSE
	EndGlobalSection
	GlobalSection(NestedProjects) = preSolution
		{ACD368E7-F26F-41F1-9D31-45A34E837C14} = {05C3D224-1663-417B-A708-1537D7E410F9}
		{70BC1554-91C0-4428-BF78-98669AD7DE0A} = {492B85D9-6031-41DB-95B6-B0C78089DAA1}
	EndGlobalSection
	GlobalSection(ExtensibilityGlobals) = postSolution
		SolutionGuid = {FC2DF25B-B620-475D-8DD1-3A96B94BB67A}
	EndGlobalSection
EndGlobal
